{
  "name": "3-2",
  "version": "1.0.0",
  "lockfileVersion": 1,
  "requires": true,
  "dependencies": {
    "@mikisveta/ajs_3": {
      "version": "1.0.0",
      "resolved": "https://npm.pkg.github.com/download/@mikisveta/ajs_3/1.0.0/c88c452f50061e568740360338395826cfaff3d005e5e7e7cd8da7574c6e730a",
      "integrity": "sha512-bJyO00SmwJYQ2krOxdPa9zMRREFtv0/ZwxC9rq4EvYf0PIA12u3dxVCdRaG1vuCOH8Kd2AisaSQIke4M6XU69Q=="
    }
  }
}
